// !$*UTF8*$!
{
	archiveVersion = 1;
	classes = {
	};
	objectVersion = 54;
	objects = {

/* Begin PBXBuildFile section */
		D8192616212A5E3C003BA3EF /* HomeViewController.swift in Sources */ = {isa = PBXBuildFile; fileRef = D8192615212A5E3C003BA3EF /* HomeViewController.swift */; };
		D819261A212A5FAA003BA3EF /* AppLaunchingTests.swift in Sources */ = {isa = PBXBuildFile; fileRef = D8192619212A5FAA003BA3EF /* AppLaunchingTests.swift */; };
		D819261C212A63B1003BA3EF /* HomeViewControllerTests.swift in Sources */ = {isa = PBXBuildFile; fileRef = D819261B212A63B1003BA3EF /* HomeViewControllerTests.swift */; };
		D819261E212A6E95003BA3EF /* SettingViewController.swift in Sources */ = {isa = PBXBuildFile; fileRef = D819261D212A6E95003BA3EF /* SettingViewController.swift */; };
		D8192620212A6EAB003BA3EF /* SettingViewControllerTests.swift in Sources */ = {isa = PBXBuildFile; fileRef = D819261F212A6EAB003BA3EF /* SettingViewControllerTests.swift */; };
		D8192623212ABBD3003BA3EF /* GamePieceView.swift in Sources */ = {isa = PBXBuildFile; fileRef = D8192622212ABBD3003BA3EF /* GamePieceView.swift */; };
		D8201FB321394635001CF320 /* Button.swift in Sources */ = {isa = PBXBuildFile; fileRef = D8201FB221394635001CF320 /* Button.swift */; };
		D84019832134E14C0036FFB2 /* MenuViewController.swift in Sources */ = {isa = PBXBuildFile; fileRef = D84019822134E14C0036FFB2 /* MenuViewController.swift */; };
		D84019852134E16B0036FFB2 /* MenuViewControllerTests.swift in Sources */ = {isa = PBXBuildFile; fileRef = D84019842134E16B0036FFB2 /* MenuViewControllerTests.swift */; };
		D84019872134F93D0036FFB2 /* GhostButton.swift in Sources */ = {isa = PBXBuildFile; fileRef = D84019862134F93D0036FFB2 /* GhostButton.swift */; };
		D84019892134FF570036FFB2 /* MenuViewControllerTransitionManager.swift in Sources */ = {isa = PBXBuildFile; fileRef = D84019882134FF570036FFB2 /* MenuViewControllerTransitionManager.swift */; };
		D840198B21364CD60036FFB2 /* MenuAction.swift in Sources */ = {isa = PBXBuildFile; fileRef = D840198A21364CD60036FFB2 /* MenuAction.swift */; };
		D8425A4F2131B19500D538A7 /* GameView.swift in Sources */ = {isa = PBXBuildFile; fileRef = D8425A4E2131B19500D538A7 /* GameView.swift */; };
		D857C7FF212CF32D00B3AF08 /* GameViewController.swift in Sources */ = {isa = PBXBuildFile; fileRef = D857C7FE212CF32D00B3AF08 /* GameViewController.swift */; };
		D857C801212CF34600B3AF08 /* GameViewControllerTests.swift in Sources */ = {isa = PBXBuildFile; fileRef = D857C800212CF34600B3AF08 /* GameViewControllerTests.swift */; };
		D857C803212D123B00B3AF08 /* GameBoardView.swift in Sources */ = {isa = PBXBuildFile; fileRef = D857C802212D123B00B3AF08 /* GameBoardView.swift */; };
		D87D42322138D36C00C07904 /* Robot.swift in Sources */ = {isa = PBXBuildFile; fileRef = D87D42312138D36C00C07904 /* Robot.swift */; };
		D87D42352138D38600C07904 /* RobotTests.swift in Sources */ = {isa = PBXBuildFile; fileRef = D87D42342138D38600C07904 /* RobotTests.swift */; };
		D8B5BE1E213E7C180001E868 /* GameTitleView.swift in Sources */ = {isa = PBXBuildFile; fileRef = D8B5BE1D213E7C180001E868 /* GameTitleView.swift */; };
		D8D6DB6121252778005F5CD6 /* AppDelegate.swift in Sources */ = {isa = PBXBuildFile; fileRef = D8D6DB6021252778005F5CD6 /* AppDelegate.swift */; };
		D8D6DB682125277A005F5CD6 /* Assets.xcassets in Resources */ = {isa = PBXBuildFile; fileRef = D8D6DB672125277A005F5CD6 /* Assets.xcassets */; };
		D8D6DB6B2125277A005F5CD6 /* LaunchScreen.storyboard in Resources */ = {isa = PBXBuildFile; fileRef = D8D6DB692125277A005F5CD6 /* LaunchScreen.storyboard */; };
		D8D6DB8221252BAB005F5CD6 /* GamePiece.swift in Sources */ = {isa = PBXBuildFile; fileRef = D8D6DB8121252BAB005F5CD6 /* GamePiece.swift */; };
		D8D6DB8421252F16005F5CD6 /* GamePieceTests.swift in Sources */ = {isa = PBXBuildFile; fileRef = D8D6DB8321252F16005F5CD6 /* GamePieceTests.swift */; };
		D8D6DB8621256A56005F5CD6 /* GameBoard.swift in Sources */ = {isa = PBXBuildFile; fileRef = D8D6DB8521256A56005F5CD6 /* GameBoard.swift */; };
		D8D6DB8821256A67005F5CD6 /* GameBoardTests.swift in Sources */ = {isa = PBXBuildFile; fileRef = D8D6DB8721256A67005F5CD6 /* GameBoardTests.swift */; };
		D8D6DB8A2126607D005F5CD6 /* GameBoardError.swift in Sources */ = {isa = PBXBuildFile; fileRef = D8D6DB892126607D005F5CD6 /* GameBoardError.swift */; };
		D8D6DB8C21267626005F5CD6 /* Array+Extensions.swift in Sources */ = {isa = PBXBuildFile; fileRef = D8D6DB8B21267626005F5CD6 /* Array+Extensions.swift */; };
		D8D6DB8E2127BBD6005F5CD6 /* GameManager.swift in Sources */ = {isa = PBXBuildFile; fileRef = D8D6DB8D2127BBD6005F5CD6 /* GameManager.swift */; };
		D8D6DB902127BBE9005F5CD6 /* GameManagerTests.swift in Sources */ = {isa = PBXBuildFile; fileRef = D8D6DB8F2127BBE9005F5CD6 /* GameManagerTests.swift */; };
		D8D6DB922127CC93005F5CD6 /* GameManagerError.swift in Sources */ = {isa = PBXBuildFile; fileRef = D8D6DB912127CC93005F5CD6 /* GameManagerError.swift */; };
		D8DC915D212BA0690016CEFD /* GamePieceSelectionView.swift in Sources */ = {isa = PBXBuildFile; fileRef = D8DC915C212BA0690016CEFD /* GamePieceSelectionView.swift */; };
		D8FE1B3321300BF60045EB2F /* ScoringView.swift in Sources */ = {isa = PBXBuildFile; fileRef = D8FE1B3221300BF60045EB2F /* ScoringView.swift */; };
		D8FE1B3A2130EFAA0045EB2F /* CommentaryView.swift in Sources */ = {isa = PBXBuildFile; fileRef = D8FE1B392130EFAA0045EB2F /* CommentaryView.swift */; };
/* End PBXBuildFile section */

/* Begin PBXContainerItemProxy section */
		D8D6DB722125277A005F5CD6 /* PBXContainerItemProxy */ = {
			isa = PBXContainerItemProxy;
			containerPortal = D8D6DB5521252778005F5CD6 /* Project object */;
			proxyType = 1;
			remoteGlobalIDString = D8D6DB5C21252778005F5CD6;
			remoteInfo = Three;
		};
/* End PBXContainerItemProxy section */

/* Begin PBXFileReference section */
		D808E58222116E8100EC1165 /* debug.xcconfig */ = {isa = PBXFileReference; lastKnownFileType = text.xcconfig; path = debug.xcconfig; sourceTree = "<group>"; };
		D808E584221174C400EC1165 /* debug.example.xcconfig */ = {isa = PBXFileReference; lastKnownFileType = text.xcconfig; path = debug.example.xcconfig; sourceTree = "<group>"; };
		D808E587221327FA00EC1165 /* release.xcconfig */ = {isa = PBXFileReference; lastKnownFileType = text.xcconfig; path = release.xcconfig; sourceTree = "<group>"; };
		D808E5882213282200EC1165 /* release.example.xcconfig */ = {isa = PBXFileReference; lastKnownFileType = text.xcconfig; path = release.example.xcconfig; sourceTree = "<group>"; };
		D8192615212A5E3C003BA3EF /* HomeViewController.swift */ = {isa = PBXFileReference; lastKnownFileType = sourcecode.swift; path = HomeViewController.swift; sourceTree = "<group>"; };
		D8192619212A5FAA003BA3EF /* AppLaunchingTests.swift */ = {isa = PBXFileReference; lastKnownFileType = sourcecode.swift; path = AppLaunchingTests.swift; sourceTree = "<group>"; };
		D819261B212A63B1003BA3EF /* HomeViewControllerTests.swift */ = {isa = PBXFileReference; lastKnownFileType = sourcecode.swift; path = HomeViewControllerTests.swift; sourceTree = "<group>"; };
		D819261D212A6E95003BA3EF /* SettingViewController.swift */ = {isa = PBXFileReference; lastKnownFileType = sourcecode.swift; path = SettingViewController.swift; sourceTree = "<group>"; };
		D819261F212A6EAB003BA3EF /* SettingViewControllerTests.swift */ = {isa = PBXFileReference; lastKnownFileType = sourcecode.swift; path = SettingViewControllerTests.swift; sourceTree = "<group>"; };
		D8192622212ABBD3003BA3EF /* GamePieceView.swift */ = {isa = PBXFileReference; lastKnownFileType = sourcecode.swift; path = GamePieceView.swift; sourceTree = "<group>"; };
		D8201FB221394635001CF320 /* Button.swift */ = {isa = PBXFileReference; lastKnownFileType = sourcecode.swift; path = Button.swift; sourceTree = "<group>"; };
		D84019822134E14C0036FFB2 /* MenuViewController.swift */ = {isa = PBXFileReference; lastKnownFileType = sourcecode.swift; path = MenuViewController.swift; sourceTree = "<group>"; };
		D84019842134E16B0036FFB2 /* MenuViewControllerTests.swift */ = {isa = PBXFileReference; lastKnownFileType = sourcecode.swift; path = MenuViewControllerTests.swift; sourceTree = "<group>"; };
		D84019862134F93D0036FFB2 /* GhostButton.swift */ = {isa = PBXFileReference; lastKnownFileType = sourcecode.swift; path = GhostButton.swift; sourceTree = "<group>"; };
		D84019882134FF570036FFB2 /* MenuViewControllerTransitionManager.swift */ = {isa = PBXFileReference; lastKnownFileType = sourcecode.swift; path = MenuViewControllerTransitionManager.swift; sourceTree = "<group>"; };
		D840198A21364CD60036FFB2 /* MenuAction.swift */ = {isa = PBXFileReference; lastKnownFileType = sourcecode.swift; path = MenuAction.swift; sourceTree = "<group>"; };
		D8425A4E2131B19500D538A7 /* GameView.swift */ = {isa = PBXFileReference; lastKnownFileType = sourcecode.swift; path = GameView.swift; sourceTree = "<group>"; };
		D857C7FE212CF32D00B3AF08 /* GameViewController.swift */ = {isa = PBXFileReference; lastKnownFileType = sourcecode.swift; path = GameViewController.swift; sourceTree = "<group>"; };
		D857C800212CF34600B3AF08 /* GameViewControllerTests.swift */ = {isa = PBXFileReference; lastKnownFileType = sourcecode.swift; path = GameViewControllerTests.swift; sourceTree = "<group>"; };
		D857C802212D123B00B3AF08 /* GameBoardView.swift */ = {isa = PBXFileReference; lastKnownFileType = sourcecode.swift; path = GameBoardView.swift; sourceTree = "<group>"; };
		D87D42312138D36C00C07904 /* Robot.swift */ = {isa = PBXFileReference; lastKnownFileType = sourcecode.swift; path = Robot.swift; sourceTree = "<group>"; };
		D87D42342138D38600C07904 /* RobotTests.swift */ = {isa = PBXFileReference; lastKnownFileType = sourcecode.swift; path = RobotTests.swift; sourceTree = "<group>"; };
		D8B5BE1D213E7C180001E868 /* GameTitleView.swift */ = {isa = PBXFileReference; lastKnownFileType = sourcecode.swift; path = GameTitleView.swift; sourceTree = "<group>"; };
		D8D6DB5D21252778005F5CD6 /* Sano.app */ = {isa = PBXFileReference; explicitFileType = wrapper.application; includeInIndex = 0; path = Sano.app; sourceTree = BUILT_PRODUCTS_DIR; };
		D8D6DB6021252778005F5CD6 /* AppDelegate.swift */ = {isa = PBXFileReference; lastKnownFileType = sourcecode.swift; path = AppDelegate.swift; sourceTree = "<group>"; };
		D8D6DB672125277A005F5CD6 /* Assets.xcassets */ = {isa = PBXFileReference; lastKnownFileType = folder.assetcatalog; path = Assets.xcassets; sourceTree = "<group>"; };
		D8D6DB6A2125277A005F5CD6 /* Base */ = {isa = PBXFileReference; lastKnownFileType = file.storyboard; name = Base; path = Base.lproj/LaunchScreen.storyboard; sourceTree = "<group>"; };
		D8D6DB6C2125277A005F5CD6 /* Info.plist */ = {isa = PBXFileReference; lastKnownFileType = text.plist.xml; path = Info.plist; sourceTree = "<group>"; };
		D8D6DB712125277A005F5CD6 /* SanoTests.xctest */ = {isa = PBXFileReference; explicitFileType = wrapper.cfbundle; includeInIndex = 0; path = SanoTests.xctest; sourceTree = BUILT_PRODUCTS_DIR; };
		D8D6DB772125277A005F5CD6 /* Info.plist */ = {isa = PBXFileReference; lastKnownFileType = text.plist.xml; path = Info.plist; sourceTree = "<group>"; };
		D8D6DB8121252BAB005F5CD6 /* GamePiece.swift */ = {isa = PBXFileReference; lastKnownFileType = sourcecode.swift; path = GamePiece.swift; sourceTree = "<group>"; };
		D8D6DB8321252F16005F5CD6 /* GamePieceTests.swift */ = {isa = PBXFileReference; lastKnownFileType = sourcecode.swift; path = GamePieceTests.swift; sourceTree = "<group>"; };
		D8D6DB8521256A56005F5CD6 /* GameBoard.swift */ = {isa = PBXFileReference; lastKnownFileType = sourcecode.swift; path = GameBoard.swift; sourceTree = "<group>"; };
		D8D6DB8721256A67005F5CD6 /* GameBoardTests.swift */ = {isa = PBXFileReference; lastKnownFileType = sourcecode.swift; path = GameBoardTests.swift; sourceTree = "<group>"; };
		D8D6DB892126607D005F5CD6 /* GameBoardError.swift */ = {isa = PBXFileReference; lastKnownFileType = sourcecode.swift; path = GameBoardError.swift; sourceTree = "<group>"; };
		D8D6DB8B21267626005F5CD6 /* Array+Extensions.swift */ = {isa = PBXFileReference; lastKnownFileType = sourcecode.swift; path = "Array+Extensions.swift"; sourceTree = "<group>"; };
		D8D6DB8D2127BBD6005F5CD6 /* GameManager.swift */ = {isa = PBXFileReference; lastKnownFileType = sourcecode.swift; path = GameManager.swift; sourceTree = "<group>"; };
		D8D6DB8F2127BBE9005F5CD6 /* GameManagerTests.swift */ = {isa = PBXFileReference; lastKnownFileType = sourcecode.swift; path = GameManagerTests.swift; sourceTree = "<group>"; };
		D8D6DB912127CC93005F5CD6 /* GameManagerError.swift */ = {isa = PBXFileReference; lastKnownFileType = sourcecode.swift; path = GameManagerError.swift; sourceTree = "<group>"; };
		D8DC915C212BA0690016CEFD /* GamePieceSelectionView.swift */ = {isa = PBXFileReference; lastKnownFileType = sourcecode.swift; path = GamePieceSelectionView.swift; sourceTree = "<group>"; };
		D8FE1B3221300BF60045EB2F /* ScoringView.swift */ = {isa = PBXFileReference; lastKnownFileType = sourcecode.swift; path = ScoringView.swift; sourceTree = "<group>"; };
		D8FE1B392130EFAA0045EB2F /* CommentaryView.swift */ = {isa = PBXFileReference; lastKnownFileType = sourcecode.swift; path = CommentaryView.swift; sourceTree = "<group>"; };
/* End PBXFileReference section */

/* Begin PBXFrameworksBuildPhase section */
		D8D6DB5A21252778005F5CD6 /* Frameworks */ = {
			isa = PBXFrameworksBuildPhase;
			buildActionMask = 2147483647;
			files = (
			);
			runOnlyForDeploymentPostprocessing = 0;
		};
		D8D6DB6E2125277A005F5CD6 /* Frameworks */ = {
			isa = PBXFrameworksBuildPhase;
			buildActionMask = 2147483647;
			files = (
			);
			runOnlyForDeploymentPostprocessing = 0;
		};
/* End PBXFrameworksBuildPhase section */

/* Begin PBXGroup section */
		D808E58322116E8600EC1165 /* Config */ = {
			isa = PBXGroup;
			children = (
				D808E58222116E8100EC1165 /* debug.xcconfig */,
				D808E587221327FA00EC1165 /* release.xcconfig */,
				D808E584221174C400EC1165 /* debug.example.xcconfig */,
				D808E5882213282200EC1165 /* release.example.xcconfig */,
			);
			path = Config;
			sourceTree = "<group>";
		};
		D8192617212A5E41003BA3EF /* ViewControllers */ = {
			isa = PBXGroup;
			children = (
				D8192615212A5E3C003BA3EF /* HomeViewController.swift */,
				D819261D212A6E95003BA3EF /* SettingViewController.swift */,
				D857C7FE212CF32D00B3AF08 /* GameViewController.swift */,
				D84019822134E14C0036FFB2 /* MenuViewController.swift */,
				D840198A21364CD60036FFB2 /* MenuAction.swift */,
				D84019882134FF570036FFB2 /* MenuViewControllerTransitionManager.swift */,
			);
			path = ViewControllers;
			sourceTree = "<group>";
		};
		D8192618212A5F7A003BA3EF /* Main */ = {
			isa = PBXGroup;
			children = (
				D8D6DB6021252778005F5CD6 /* AppDelegate.swift */,
			);
			path = Main;
			sourceTree = "<group>";
		};
		D8192621212A6EB0003BA3EF /* ViewControllers */ = {
			isa = PBXGroup;
			children = (
				D819261B212A63B1003BA3EF /* HomeViewControllerTests.swift */,
				D819261F212A6EAB003BA3EF /* SettingViewControllerTests.swift */,
				D857C800212CF34600B3AF08 /* GameViewControllerTests.swift */,
				D84019842134E16B0036FFB2 /* MenuViewControllerTests.swift */,
			);
			path = ViewControllers;
			sourceTree = "<group>";
		};
		D87D42332138D37200C07904 /* Robot */ = {
			isa = PBXGroup;
			children = (
				D87D42312138D36C00C07904 /* Robot.swift */,
			);
			path = Robot;
			sourceTree = "<group>";
		};
		D8D6DB5421252778005F5CD6 = {
			isa = PBXGroup;
			children = (
				D8D6DB5F21252778005F5CD6 /* Sano */,
				D8D6DB742125277A005F5CD6 /* SanoTests */,
				D8D6DB5E21252778005F5CD6 /* Products */,
			);
			sourceTree = "<group>";
		};
		D8D6DB5E21252778005F5CD6 /* Products */ = {
			isa = PBXGroup;
			children = (
				D8D6DB5D21252778005F5CD6 /* Sano.app */,
				D8D6DB712125277A005F5CD6 /* SanoTests.xctest */,
			);
			name = Products;
			sourceTree = "<group>";
		};
		D8D6DB5F21252778005F5CD6 /* Sano */ = {
			isa = PBXGroup;
			children = (
				D8192618212A5F7A003BA3EF /* Main */,
				D8192617212A5E41003BA3EF /* ViewControllers */,
				D8D6DB952127CCB7005F5CD6 /* GameManager */,
				D8D6DB942127CCB0005F5CD6 /* GamePiece */,
				D8D6DB932127CCA6005F5CD6 /* GameBoard */,
				D87D42332138D37200C07904 /* Robot */,
				D8FE1B3421300C020045EB2F /* AuxiliaryViews */,
				D8D6DB962127CCBE005F5CD6 /* Extensions */,
				D8D6DB672125277A005F5CD6 /* Assets.xcassets */,
				D808E58322116E8600EC1165 /* Config */,
				D8D6DB692125277A005F5CD6 /* LaunchScreen.storyboard */,
				D8D6DB6C2125277A005F5CD6 /* Info.plist */,
			);
			path = Sano;
			sourceTree = "<group>";
		};
		D8D6DB742125277A005F5CD6 /* SanoTests */ = {
			isa = PBXGroup;
			children = (
				D8D6DB8321252F16005F5CD6 /* GamePieceTests.swift */,
				D8192619212A5FAA003BA3EF /* AppLaunchingTests.swift */,
				D8D6DB8F2127BBE9005F5CD6 /* GameManagerTests.swift */,
				D8D6DB8721256A67005F5CD6 /* GameBoardTests.swift */,
				D87D42342138D38600C07904 /* RobotTests.swift */,
				D8192621212A6EB0003BA3EF /* ViewControllers */,
				D8D6DB772125277A005F5CD6 /* Info.plist */,
			);
			path = SanoTests;
			sourceTree = "<group>";
		};
		D8D6DB932127CCA6005F5CD6 /* GameBoard */ = {
			isa = PBXGroup;
			children = (
				D8D6DB8521256A56005F5CD6 /* GameBoard.swift */,
				D857C802212D123B00B3AF08 /* GameBoardView.swift */,
				D8D6DB892126607D005F5CD6 /* GameBoardError.swift */,
			);
			path = GameBoard;
			sourceTree = "<group>";
		};
		D8D6DB942127CCB0005F5CD6 /* GamePiece */ = {
			isa = PBXGroup;
			children = (
				D8D6DB8121252BAB005F5CD6 /* GamePiece.swift */,
				D8192622212ABBD3003BA3EF /* GamePieceView.swift */,
				D8DC915C212BA0690016CEFD /* GamePieceSelectionView.swift */,
			);
			path = GamePiece;
			sourceTree = "<group>";
		};
		D8D6DB952127CCB7005F5CD6 /* GameManager */ = {
			isa = PBXGroup;
			children = (
				D8D6DB8D2127BBD6005F5CD6 /* GameManager.swift */,
				D8D6DB912127CC93005F5CD6 /* GameManagerError.swift */,
			);
			path = GameManager;
			sourceTree = "<group>";
		};
		D8D6DB962127CCBE005F5CD6 /* Extensions */ = {
			isa = PBXGroup;
			children = (
				D8D6DB8B21267626005F5CD6 /* Array+Extensions.swift */,
			);
			path = Extensions;
			sourceTree = "<group>";
		};
		D8FE1B3421300C020045EB2F /* AuxiliaryViews */ = {
			isa = PBXGroup;
			children = (
				D8FE1B3221300BF60045EB2F /* ScoringView.swift */,
				D8425A4E2131B19500D538A7 /* GameView.swift */,
				D8FE1B392130EFAA0045EB2F /* CommentaryView.swift */,
				D84019862134F93D0036FFB2 /* GhostButton.swift */,
				D8201FB221394635001CF320 /* Button.swift */,
				D8B5BE1D213E7C180001E868 /* GameTitleView.swift */,
			);
			path = AuxiliaryViews;
			sourceTree = "<group>";
		};
/* End PBXGroup section */

/* Begin PBXNativeTarget section */
		D8D6DB5C21252778005F5CD6 /* Sano */ = {
			isa = PBXNativeTarget;
			buildConfigurationList = D8D6DB7A2125277A005F5CD6 /* Build configuration list for PBXNativeTarget "Sano" */;
			buildPhases = (
				D8D6DB5921252778005F5CD6 /* Sources */,
				D8D6DB5A21252778005F5CD6 /* Frameworks */,
				D8D6DB5B21252778005F5CD6 /* Resources */,
				D8D6DB8021252A7C005F5CD6 /* ShellScript */,
			);
			buildRules = (
			);
			dependencies = (
			);
			name = Sano;
			productName = Three;
			productReference = D8D6DB5D21252778005F5CD6 /* Sano.app */;
			productType = "com.apple.product-type.application";
		};
		D8D6DB702125277A005F5CD6 /* SanoTests */ = {
			isa = PBXNativeTarget;
			buildConfigurationList = D8D6DB7D2125277A005F5CD6 /* Build configuration list for PBXNativeTarget "SanoTests" */;
			buildPhases = (
				D8D6DB6D2125277A005F5CD6 /* Sources */,
				D8D6DB6E2125277A005F5CD6 /* Frameworks */,
				D8D6DB6F2125277A005F5CD6 /* Resources */,
			);
			buildRules = (
			);
			dependencies = (
				D8D6DB732125277A005F5CD6 /* PBXTargetDependency */,
			);
			name = SanoTests;
			productName = ThreeTests;
			productReference = D8D6DB712125277A005F5CD6 /* SanoTests.xctest */;
			productType = "com.apple.product-type.bundle.unit-test";
		};
/* End PBXNativeTarget section */

/* Begin PBXProject section */
		D8D6DB5521252778005F5CD6 /* Project object */ = {
			isa = PBXProject;
			attributes = {
				LastSwiftUpdateCheck = 0940;
				LastUpgradeCheck = 1400;
				ORGANIZATIONNAME = "Doan Le Thieu";
				TargetAttributes = {
					D8D6DB5C21252778005F5CD6 = {
						CreatedOnToolsVersion = 9.4.1;
						LastSwiftMigration = "";
					};
					D8D6DB702125277A005F5CD6 = {
						CreatedOnToolsVersion = 9.4.1;
						LastSwiftMigration = "";
						TestTargetID = D8D6DB5C21252778005F5CD6;
					};
				};
			};
			buildConfigurationList = D8D6DB5821252778005F5CD6 /* Build configuration list for PBXProject "Sano" */;
			compatibilityVersion = "Xcode 9.3";
			developmentRegion = en;
			hasScannedForEncodings = 0;
			knownRegions = (
				en,
				Base,
			);
			mainGroup = D8D6DB5421252778005F5CD6;
			productRefGroup = D8D6DB5E21252778005F5CD6 /* Products */;
			projectDirPath = "";
			projectRoot = "";
			targets = (
				D8D6DB5C21252778005F5CD6 /* Sano */,
				D8D6DB702125277A005F5CD6 /* SanoTests */,
			);
		};
/* End PBXProject section */

/* Begin PBXResourcesBuildPhase section */
		D8D6DB5B21252778005F5CD6 /* Resources */ = {
			isa = PBXResourcesBuildPhase;
			buildActionMask = 2147483647;
			files = (
				D8D6DB6B2125277A005F5CD6 /* LaunchScreen.storyboard in Resources */,
				D8D6DB682125277A005F5CD6 /* Assets.xcassets in Resources */,
			);
			runOnlyForDeploymentPostprocessing = 0;
		};
		D8D6DB6F2125277A005F5CD6 /* Resources */ = {
			isa = PBXResourcesBuildPhase;
			buildActionMask = 2147483647;
			files = (
			);
			runOnlyForDeploymentPostprocessing = 0;
		};
/* End PBXResourcesBuildPhase section */

/* Begin PBXShellScriptBuildPhase section */
		D8D6DB8021252A7C005F5CD6 /* ShellScript */ = {
			isa = PBXShellScriptBuildPhase;
			alwaysOutOfDate = 1;
			buildActionMask = 2147483647;
			files = (
			);
			inputPaths = (
			);
			outputPaths = (
			);
			runOnlyForDeploymentPostprocessing = 0;
			shellPath = /bin/sh;
			shellScript = "if which swiftlint >/dev/null; then\n  swiftlint\nelse\n  echo \"warning: SwiftLint not installed, download from https://github.com/realm/SwiftLint\"\nfi\n";
		};
/* End PBXShellScriptBuildPhase section */

/* Begin PBXSourcesBuildPhase section */
		D8D6DB5921252778005F5CD6 /* Sources */ = {
			isa = PBXSourcesBuildPhase;
			buildActionMask = 2147483647;
			files = (
				D8B5BE1E213E7C180001E868 /* GameTitleView.swift in Sources */,
				D84019892134FF570036FFB2 /* MenuViewControllerTransitionManager.swift in Sources */,
				D8D6DB8221252BAB005F5CD6 /* GamePiece.swift in Sources */,
				D84019872134F93D0036FFB2 /* GhostButton.swift in Sources */,
				D857C803212D123B00B3AF08 /* GameBoardView.swift in Sources */,
				D8D6DB8E2127BBD6005F5CD6 /* GameManager.swift in Sources */,
				D8D6DB8C21267626005F5CD6 /* Array+Extensions.swift in Sources */,
				D8DC915D212BA0690016CEFD /* GamePieceSelectionView.swift in Sources */,
				D857C7FF212CF32D00B3AF08 /* GameViewController.swift in Sources */,
				D8FE1B3A2130EFAA0045EB2F /* CommentaryView.swift in Sources */,
				D840198B21364CD60036FFB2 /* MenuAction.swift in Sources */,
				D8192616212A5E3C003BA3EF /* HomeViewController.swift in Sources */,
				D8D6DB8621256A56005F5CD6 /* GameBoard.swift in Sources */,
				D8192623212ABBD3003BA3EF /* GamePieceView.swift in Sources */,
				D819261E212A6E95003BA3EF /* SettingViewController.swift in Sources */,
				D84019832134E14C0036FFB2 /* MenuViewController.swift in Sources */,
				D8D6DB6121252778005F5CD6 /* AppDelegate.swift in Sources */,
				D87D42322138D36C00C07904 /* Robot.swift in Sources */,
				D8D6DB8A2126607D005F5CD6 /* GameBoardError.swift in Sources */,
				D8FE1B3321300BF60045EB2F /* ScoringView.swift in Sources */,
				D8425A4F2131B19500D538A7 /* GameView.swift in Sources */,
				D8D6DB922127CC93005F5CD6 /* GameManagerError.swift in Sources */,
				D8201FB321394635001CF320 /* Button.swift in Sources */,
			);
			runOnlyForDeploymentPostprocessing = 0;
		};
		D8D6DB6D2125277A005F5CD6 /* Sources */ = {
			isa = PBXSourcesBuildPhase;
			buildActionMask = 2147483647;
			files = (
				D819261C212A63B1003BA3EF /* HomeViewControllerTests.swift in Sources */,
				D8D6DB8821256A67005F5CD6 /* GameBoardTests.swift in Sources */,
				D8192620212A6EAB003BA3EF /* SettingViewControllerTests.swift in Sources */,
				D8D6DB902127BBE9005F5CD6 /* GameManagerTests.swift in Sources */,
				D8D6DB8421252F16005F5CD6 /* GamePieceTests.swift in Sources */,
				D819261A212A5FAA003BA3EF /* AppLaunchingTests.swift in Sources */,
				D857C801212CF34600B3AF08 /* GameViewControllerTests.swift in Sources */,
				D87D42352138D38600C07904 /* RobotTests.swift in Sources */,
				D84019852134E16B0036FFB2 /* MenuViewControllerTests.swift in Sources */,
			);
			runOnlyForDeploymentPostprocessing = 0;
		};
/* End PBXSourcesBuildPhase section */

/* Begin PBXTargetDependency section */
		D8D6DB732125277A005F5CD6 /* PBXTargetDependency */ = {
			isa = PBXTargetDependency;
			target = D8D6DB5C21252778005F5CD6 /* Sano */;
			targetProxy = D8D6DB722125277A005F5CD6 /* PBXContainerItemProxy */;
		};
/* End PBXTargetDependency section */

/* Begin PBXVariantGroup section */
		D8D6DB692125277A005F5CD6 /* LaunchScreen.storyboard */ = {
			isa = PBXVariantGroup;
			children = (
				D8D6DB6A2125277A005F5CD6 /* Base */,
			);
			name = LaunchScreen.storyboard;
			sourceTree = "<group>";
		};
/* End PBXVariantGroup section */

/* Begin XCBuildConfiguration section */
		D8D6DB782125277A005F5CD6 /* Debug */ = {
			isa = XCBuildConfiguration;
			buildSettings = {
				ALWAYS_SEARCH_USER_PATHS = NO;
				CLANG_ANALYZER_NONNULL = YES;
				CLANG_ANALYZER_NUMBER_OBJECT_CONVERSION = YES_AGGRESSIVE;
				CLANG_CXX_LANGUAGE_STANDARD = "gnu++14";
				CLANG_CXX_LIBRARY = "libc++";
				CLANG_ENABLE_MODULES = YES;
				CLANG_ENABLE_OBJC_ARC = YES;
				CLANG_ENABLE_OBJC_WEAK = YES;
				CLANG_WARN_BLOCK_CAPTURE_AUTORELEASING = YES;
				CLANG_WARN_BOOL_CONVERSION = YES;
				CLANG_WARN_COMMA = YES;
				CLANG_WARN_CONSTANT_CONVERSION = YES;
				CLANG_WARN_DEPRECATED_OBJC_IMPLEMENTATIONS = YES;
				CLANG_WARN_DIRECT_OBJC_ISA_USAGE = YES_ERROR;
				CLANG_WARN_DOCUMENTATION_COMMENTS = YES;
				CLANG_WARN_EMPTY_BODY = YES;
				CLANG_WARN_ENUM_CONVERSION = YES;
				CLANG_WARN_INFINITE_RECURSION = YES;
				CLANG_WARN_INT_CONVERSION = YES;
				CLANG_WARN_NON_LITERAL_NULL_CONVERSION = YES;
				CLANG_WARN_OBJC_IMPLICIT_RETAIN_SELF = YES;
				CLANG_WARN_OBJC_LITERAL_CONVERSION = YES;
				CLANG_WARN_OBJC_ROOT_CLASS = YES_ERROR;
				CLANG_WARN_QUOTED_INCLUDE_IN_FRAMEWORK_HEADER = YES;
				CLANG_WARN_RANGE_LOOP_ANALYSIS = YES;
				CLANG_WARN_STRICT_PROTOTYPES = YES;
				CLANG_WARN_SUSPICIOUS_MOVE = YES;
				CLANG_WARN_UNGUARDED_AVAILABILITY = YES_AGGRESSIVE;
				CLANG_WARN_UNREACHABLE_CODE = YES;
				CLANG_WARN__DUPLICATE_METHOD_MATCH = YES;
				CODE_SIGN_IDENTITY = "iPhone Developer";
				CODE_SIGN_STYLE = Automatic;
				COPY_PHASE_STRIP = NO;
				DEBUG_INFORMATION_FORMAT = dwarf;
				ENABLE_STRICT_OBJC_MSGSEND = YES;
				ENABLE_TESTABILITY = YES;
				GCC_C_LANGUAGE_STANDARD = gnu11;
				GCC_DYNAMIC_NO_PIC = NO;
				GCC_NO_COMMON_BLOCKS = YES;
				GCC_OPTIMIZATION_LEVEL = 0;
				GCC_PREPROCESSOR_DEFINITIONS = (
					"DEBUG=1",
					"$(inherited)",
				);
				GCC_WARN_64_TO_32_BIT_CONVERSION = YES;
				GCC_WARN_ABOUT_RETURN_TYPE = YES_ERROR;
				GCC_WARN_UNDECLARED_SELECTOR = YES;
				GCC_WARN_UNINITIALIZED_AUTOS = YES_AGGRESSIVE;
				GCC_WARN_UNUSED_FUNCTION = YES;
				GCC_WARN_UNUSED_VARIABLE = YES;
				IPHONEOS_DEPLOYMENT_TARGET = 15.0;
				MTL_ENABLE_DEBUG_INFO = YES;
				ONLY_ACTIVE_ARCH = YES;
				SDKROOT = iphoneos;
				SWIFT_ACTIVE_COMPILATION_CONDITIONS = DEBUG;
				SWIFT_OPTIMIZATION_LEVEL = "-Onone";
			};
			name = Debug;
		};
		D8D6DB792125277A005F5CD6 /* Release */ = {
			isa = XCBuildConfiguration;
			buildSettings = {
				ALWAYS_SEARCH_USER_PATHS = NO;
				CLANG_ANALYZER_NONNULL = YES;
				CLANG_ANALYZER_NUMBER_OBJECT_CONVERSION = YES_AGGRESSIVE;
				CLANG_CXX_LANGUAGE_STANDARD = "gnu++14";
				CLANG_CXX_LIBRARY = "libc++";
				CLANG_ENABLE_MODULES = YES;
				CLANG_ENABLE_OBJC_ARC = YES;
				CLANG_ENABLE_OBJC_WEAK = YES;
				CLANG_WARN_BLOCK_CAPTURE_AUTORELEASING = YES;
				CLANG_WARN_BOOL_CONVERSION = YES;
				CLANG_WARN_COMMA = YES;
				CLANG_WARN_CONSTANT_CONVERSION = YES;
				CLANG_WARN_DEPRECATED_OBJC_IMPLEMENTATIONS = YES;
				CLANG_WARN_DIRECT_OBJC_ISA_USAGE = YES_ERROR;
				CLANG_WARN_DOCUMENTATION_COMMENTS = YES;
				CLANG_WARN_EMPTY_BODY = YES;
				CLANG_WARN_ENUM_CONVERSION = YES;
				CLANG_WARN_INFINITE_RECURSION = YES;
				CLANG_WARN_INT_CONVERSION = YES;
				CLANG_WARN_NON_LITERAL_NULL_CONVERSION = YES;
				CLANG_WARN_OBJC_IMPLICIT_RETAIN_SELF = YES;
				CLANG_WARN_OBJC_LITERAL_CONVERSION = YES;
				CLANG_WARN_OBJC_ROOT_CLASS = YES_ERROR;
				CLANG_WARN_QUOTED_INCLUDE_IN_FRAMEWORK_HEADER = YES;
				CLANG_WARN_RANGE_LOOP_ANALYSIS = YES;
				CLANG_WARN_STRICT_PROTOTYPES = YES;
				CLANG_WARN_SUSPICIOUS_MOVE = YES;
				CLANG_WARN_UNGUARDED_AVAILABILITY = YES_AGGRESSIVE;
				CLANG_WARN_UNREACHABLE_CODE = YES;
				CLANG_WARN__DUPLICATE_METHOD_MATCH = YES;
				CODE_SIGN_IDENTITY = "iPhone Developer";
				CODE_SIGN_STYLE = Automatic;
				COPY_PHASE_STRIP = NO;
				DEBUG_INFORMATION_FORMAT = "dwarf-with-dsym";
				ENABLE_NS_ASSERTIONS = NO;
				ENABLE_STRICT_OBJC_MSGSEND = YES;
				GCC_C_LANGUAGE_STANDARD = gnu11;
				GCC_NO_COMMON_BLOCKS = YES;
				GCC_WARN_64_TO_32_BIT_CONVERSION = YES;
				GCC_WARN_ABOUT_RETURN_TYPE = YES_ERROR;
				GCC_WARN_UNDECLARED_SELECTOR = YES;
				GCC_WARN_UNINITIALIZED_AUTOS = YES_AGGRESSIVE;
				GCC_WARN_UNUSED_FUNCTION = YES;
				GCC_WARN_UNUSED_VARIABLE = YES;
				IPHONEOS_DEPLOYMENT_TARGET = 15.0;
				MTL_ENABLE_DEBUG_INFO = NO;
				SDKROOT = iphoneos;
				SWIFT_COMPILATION_MODE = wholemodule;
				SWIFT_OPTIMIZATION_LEVEL = "-O";
				VALIDATE_PRODUCT = YES;
			};
			name = Release;
		};
		D8D6DB7B2125277A005F5CD6 /* Debug */ = {
			isa = XCBuildConfiguration;
			baseConfigurationReference = D808E58222116E8100EC1165 /* debug.xcconfig */;
			buildSettings = {
				ASSETCATALOG_COMPILER_APPICON_NAME = AppIcon;
				CODE_SIGN_STYLE = Manual;
				DEVELOPMENT_TEAM = "$(DEVELOPMENT_TEAM)";
				"DEVELOPMENT_TEAM[sdk=iphoneos*]" = GYPH974N94;
				INFOPLIST_FILE = "$(SRCROOT)/Sano/Info.plist";
				IPHONEOS_DEPLOYMENT_TARGET = 15.0;
				LD_RUNPATH_SEARCH_PATHS = (
					"$(inherited)",
					"@executable_path/Frameworks",
				);
				PRODUCT_BUNDLE_IDENTIFIER = com.doanthieu.Sanoo;
				PRODUCT_NAME = "$(TARGET_NAME)";
				PROVISIONING_PROFILE_SPECIFIER = "$(PROVISIONING_PROFILE_SPECIFIER)";
				"PROVISIONING_PROFILE_SPECIFIER[sdk=iphoneos*]" = SanoDevelopmentProfile;
				SWIFT_VERSION = 5.0;
				TARGETED_DEVICE_FAMILY = 1;
			};
			name = Debug;
		};
		D8D6DB7C2125277A005F5CD6 /* Release */ = {
			isa = XCBuildConfiguration;
			baseConfigurationReference = D808E587221327FA00EC1165 /* release.xcconfig */;
			buildSettings = {
				ASSETCATALOG_COMPILER_APPICON_NAME = AppIcon;
				CODE_SIGN_STYLE = Manual;
				DEVELOPMENT_TEAM = "$(DEVELOPMENT_TEAM)";
				"DEVELOPMENT_TEAM[sdk=iphoneos*]" = GYPH974N94;
				INFOPLIST_FILE = "$(SRCROOT)/Sano/Info.plist";
				IPHONEOS_DEPLOYMENT_TARGET = 15.0;
				LD_RUNPATH_SEARCH_PATHS = (
					"$(inherited)",
					"@executable_path/Frameworks",
				);
				PRODUCT_BUNDLE_IDENTIFIER = com.doanthieu.Sanoo;
				PRODUCT_NAME = "$(TARGET_NAME)";
				PROVISIONING_PROFILE_SPECIFIER = "$(PROVISIONING_PROFILE_SPECIFIER)";
				"PROVISIONING_PROFILE_SPECIFIER[sdk=iphoneos*]" = SanoDistributionProfile;
				SWIFT_VERSION = 5.0;
				TARGETED_DEVICE_FAMILY = 1;
			};
			name = Release;
		};
		D8D6DB7E2125277A005F5CD6 /* Debug */ = {
			isa = XCBuildConfiguration;
			buildSettings = {
				ALWAYS_EMBED_SWIFT_STANDARD_LIBRARIES = YES;
				BUNDLE_LOADER = "$(TEST_HOST)";
				CLANG_ENABLE_MODULES = YES;
				CODE_SIGN_STYLE = Automatic;
				INFOPLIST_FILE = SanoTests/Info.plist;
				LD_RUNPATH_SEARCH_PATHS = (
					"$(inherited)",
					"@executable_path/Frameworks",
					"@loader_path/Frameworks",
				);
				PRODUCT_BUNDLE_IDENTIFIER = com.doanthieu.ThreeTests;
				PRODUCT_NAME = "$(TARGET_NAME)";
				SWIFT_OPTIMIZATION_LEVEL = "-Onone";
				SWIFT_VERSION = 5.0;
				TARGETED_DEVICE_FAMILY = "1,2";
				TEST_HOST = "$(BUILT_PRODUCTS_DIR)/Sano.app/Sano";
			};
			name = Debug;
		};
		D8D6DB7F2125277A005F5CD6 /* Release */ = {
			isa = XCBuildConfiguration;
			buildSettings = {
				ALWAYS_EMBED_SWIFT_STANDARD_LIBRARIES = YES;
				BUNDLE_LOADER = "$(TEST_HOST)";
				CLANG_ENABLE_MODULES = YES;
				CODE_SIGN_STYLE = Automatic;
				INFOPLIST_FILE = SanoTests/Info.plist;
				LD_RUNPATH_SEARCH_PATHS = (
					"$(inherited)",
					"@executable_path/Frameworks",
					"@loader_path/Frameworks",
				);
				PRODUCT_BUNDLE_IDENTIFIER = com.doanthieu.ThreeTests;
				PRODUCT_NAME = "$(TARGET_NAME)";
				SWIFT_VERSION = 5.0;
				TARGETED_DEVICE_FAMILY = "1,2";
				TEST_HOST = "$(BUILT_PRODUCTS_DIR)/Sano.app/Sano";
			};
			name = Release;
		};
/* End XCBuildConfiguration section */

/* Begin XCConfigurationList section */
		D8D6DB5821252778005F5CD6 /* Build configuration list for PBXProject "Sano" */ = {
			isa = XCConfigurationList;
			buildConfigurations = (
				D8D6DB782125277A005F5CD6 /* Debug */,
				D8D6DB792125277A005F5CD6 /* Release */,
			);
			defaultConfigurationIsVisible = 0;
			defaultConfigurationName = Release;
		};
		D8D6DB7A2125277A005F5CD6 /* Build configuration list for PBXNativeTarget "Sano" */ = {
			isa = XCConfigurationList;
			buildConfigurations = (
				D8D6DB7B2125277A005F5CD6 /* Debug */,
				D8D6DB7C2125277A005F5CD6 /* Release */,
			);
			defaultConfigurationIsVisible = 0;
			defaultConfigurationName = Release;
		};
		D8D6DB7D2125277A005F5CD6 /* Build configuration list for PBXNativeTarget "SanoTests" */ = {
			isa = XCConfigurationList;
			buildConfigurations = (
				D8D6DB7E2125277A005F5CD6 /* Debug */,
				D8D6DB7F2125277A005F5CD6 /* Release */,
			);
			defaultConfigurationIsVisible = 0;
			defaultConfigurationName = Release;
		};
/* End XCConfigurationList section */
	};
	rootObject = D8D6DB5521252778005F5CD6 /* Project object */;
}
